
Microsoft Visual Studio Solution File, Format Version 12.00
# Visual Studio Version 17
VisualStudioVersion = 17.2.32516.85
MinimumVisualStudioVersion = 10.0.40219.1
Project("{FAE04EC0-301F-11D3-BF4B-00C04F79EFBC}") = "EventExample", "EventExample\EventExample.csproj", "{77FDB517-F431-4280-B62E-ED6F7BFEC7EF}"
EndProject
Global
	GlobalSection(SolutionConfigurationPlatforms) = preSolution
		Debug|Any CPU = Debug|Any CPU
		Release|Any CPU = Release|Any CPU
	EndGlobalSection
	GlobalSection(ProjectConfigurationPlatforms) = postSolution
		{77FDB517-F431-4280-B62E-ED6F7BFEC7EF}.Debug|Any CPU.ActiveCfg = Debug|Any CPU
		{77FDB517-F431-4280-B62E-ED6F7BFEC7EF}.Debug|Any CPU.Build.0 = Debug|Any CPU
		{77FDB517-F431-4280-B62E-ED6F7BFEC7EF}.Release|Any CPU.ActiveCfg = Release|Any CPU
		{77FDB517-F431-4280-B62E-ED6F7BFEC7EF}.Release|Any CPU.Build.0 = Release|Any CPU
	EndGlobalSection
	GlobalSection(SolutionProperties) = preSolution
		HideSolutionNode = FALSE
	EndGlobalSection
	GlobalSection(ExtensibilityGlobals) = postSolution
		SolutionGuid = {813C71A4-074B-40D8-9AC4-A2799B1CEA60}
	EndGlobalSection
EndGlobal
